
Microsoft Visual Studio Solution File, Format Version 12.00
# Visual Studio 15
VisualStudioVersion = 15.0.27130.2036
MinimumVisualStudioVersion = 10.0.40219.1
Project("{8BC9CEB8-8B4A-11D0-8D11-00A0C91BC942}") = "ProjectStayAwhile", "ProjectStayAwhile\ProjectStayAwhile.vcxproj", "{14E8F56C-F1D0-45DA-9EE5-2AD6B62E6703}"
EndProject
Global
	GlobalSection(SolutionConfigurationPlatforms) = preSolution
		Debug|x64 = Debug|x64
		Debug|x86 = Debug|x86
		Release|x64 = Release|x64
		Release|x86 = Release|x86
	EndGlobalSection
	GlobalSection(ProjectConfigurationPlatforms) = postSolution
		{14E8F56C-F1D0-45DA-9EE5-2AD6B62E6703}.Debug|x64.ActiveCfg = Debug|x64
		{14E8F56C-F1D0-45DA-9EE5-2AD6B62E6703}.Debug|x64.Build.0 = Debug|x64
		{14E8F56C-F1D0-45DA-9EE5-2AD6B62E6703}.Debug|x86.ActiveCfg = Debug|Win32
		{14E8F56C-F1D0-45DA-9EE5-2AD6B62E6703}.Debug|x86.Build.0 = Debug|Win32
		{14E8F56C-F1D0-45DA-9EE5-2AD6B62E6703}.Release|x64.ActiveCfg = Release|x64
		{14E8F56C-F1D0-45DA-9EE5-2AD6B62E6703}.Release|x64.Build.0 = Release|x64
		{14E8F56C-F1D0-45DA-9EE5-2AD6B62E6703}.Release|x86.ActiveCfg = Release|Win32
		{14E8F56C-F1D0-45DA-9EE5-2AD6B62E6703}.Release|x86.Build.0 = Release|Win32
	EndGlobalSection
	GlobalSection(SolutionProperties) = preSolution
		HideSolutionNode = FALSE
	EndGlobalSection
	GlobalSection(ExtensibilityGlobals) = postSolution
		SolutionGuid = {232EA1D9-6EAE-421C-8173-424A8B9D81DE}
	EndGlobalSection
EndGlobal
